PODS:
  - Alamofire (5.9.1)
  - Analytics (5.2.2):
    - iAnalytics
    - iOSKit
    - ReachabilitySwift (~> 3.0.0)
  - Articles (5.0.1):
    - Analytics
    - CarbonKit
    - CHTCollectionViewWaterfallLayout
    - iAnalytics
    - iOSKit
    - Web
  - Aspects (1.4.1)
  - CarbonKit (1.1.6)
  - Cars (1.1.0):
    - Identity
    - iOSKit
  - CHTCollectionViewWaterfallLayout (0.9.10):
    - CHTCollectionViewWaterfallLayout/Swift (= 0.9.10)
  - CHTCollectionViewWaterfallLayout/Swift (0.9.10)
  - DZNEmptyDataSet (1.8.1)
  - FBAEMKit (17.0.2):
    - FBSDKCoreKit_Basics (= 17.0.2)
  - FBSDKCoreKit (17.0.2):
    - FBAEMKit (= 17.0.2)
    - FBSDKCoreKit_Basics (= 17.0.2)
  - FBSDKCoreKit_Basics (17.0.2)
  - Firebase (9.0.0):
    - Firebase/Core (= 9.0.0)
  - Firebase/Core (9.0.0):
    - Firebase/CoreOnly
    - FirebaseAnalytics (~> 9.0.0)
  - Firebase/CoreOnly (9.0.0):
    - FirebaseCore (= 9.0.0)
  - Firebase/Messaging (9.0.0):
    - Firebase/CoreOnly
    - FirebaseMessaging (~> 9.0.0)
  - FirebaseAnalytics (9.0.0):
    - FirebaseAnalytics/AdIdSupport (= 9.0.0)
    - FirebaseCore (~> 9.0)
    - FirebaseInstallations (~> 9.0)
    - GoogleUtilities/AppDelegateSwizzler (~> 7.7)
    - GoogleUtilities/MethodSwizzler (~> 7.7)
    - GoogleUtilities/Network (~> 7.7)
    - "GoogleUtilities/NSData+zlib (~> 7.7)"
    - nanopb (~> 2.30908.0)
  - FirebaseAnalytics/AdIdSupport (9.0.0):
    - FirebaseCore (~> 9.0)
    - FirebaseInstallations (~> 9.0)
    - GoogleAppMeasurement (= 9.0.0)
    - GoogleUtilities/AppDelegateSwizzler (~> 7.7)
    - GoogleUtilities/MethodSwizzler (~> 7.7)
    - GoogleUtilities/Network (~> 7.7)
    - "GoogleUtilities/NSData+zlib (~> 7.7)"
    - nanopb (~> 2.30908.0)
  - FirebaseCore (9.0.0):
    - FirebaseCoreDiagnostics (~> 9.0)
    - FirebaseCoreInternal (~> 9.0)
    - GoogleUtilities/Environment (~> 7.7)
    - GoogleUtilities/Logger (~> 7.7)
  - FirebaseCoreDiagnostics (9.6.0):
    - GoogleDataTransport (< 10.0.0, >= 9.1.4)
    - GoogleUtilities/Environment (~> 7.7)
    - GoogleUtilities/Logger (~> 7.7)
    - nanopb (< 2.30910.0, >= 2.30908.0)
  - FirebaseCoreInternal (9.6.0):
    - "GoogleUtilities/NSData+zlib (~> 7.7)"
  - FirebaseInstallations (9.6.0):
    - FirebaseCore (~> 9.0)
    - GoogleUtilities/Environment (~> 7.7)
    - GoogleUtilities/UserDefaults (~> 7.7)
    - PromisesObjC (~> 2.1)
  - FirebaseMessaging (9.0.0):
    - FirebaseCore (~> 9.0)
    - FirebaseInstallations (~> 9.0)
    - GoogleDataTransport (~> 9.1)
    - GoogleUtilities/AppDelegateSwizzler (~> 7.7)
    - GoogleUtilities/Environment (~> 7.7)
    - GoogleUtilities/Reachability (~> 7.7)
    - GoogleUtilities/UserDefaults (~> 7.7)
    - nanopb (~> 2.30908.0)
  - FlagKit (2.2)
  - Games (2.0.0):
    - Identity
    - iOSKit
    - Navigation
    - Web
  - GoogleAppMeasurement (9.0.0):
    - GoogleAppMeasurement/AdIdSupport (= 9.0.0)
    - GoogleUtilities/AppDelegateSwizzler (~> 7.7)
    - GoogleUtilities/MethodSwizzler (~> 7.7)
    - GoogleUtilities/Network (~> 7.7)
    - "GoogleUtilities/NSData+zlib (~> 7.7)"
    - nanopb (~> 2.30908.0)
  - GoogleAppMeasurement/AdIdSupport (9.0.0):
    - GoogleAppMeasurement/WithoutAdIdSupport (= 9.0.0)
    - GoogleUtilities/AppDelegateSwizzler (~> 7.7)
    - GoogleUtilities/MethodSwizzler (~> 7.7)
    - GoogleUtilities/Network (~> 7.7)
    - "GoogleUtilities/NSData+zlib (~> 7.7)"
    - nanopb (~> 2.30908.0)
  - GoogleAppMeasurement/WithoutAdIdSupport (9.0.0):
    - GoogleUtilities/AppDelegateSwizzler (~> 7.7)
    - GoogleUtilities/MethodSwizzler (~> 7.7)
    - GoogleUtilities/Network (~> 7.7)
    - "GoogleUtilities/NSData+zlib (~> 7.7)"
    - nanopb (~> 2.30908.0)
  - GoogleDataTransport (9.4.1):
    - GoogleUtilities/Environment (~> 7.7)
    - nanopb (< 2.30911.0, >= 2.30908.0)
    - PromisesObjC (< 3.0, >= 1.2)
  - GoogleUtilities/AppDelegateSwizzler (7.13.3):
    - GoogleUtilities/Environment
    - GoogleUtilities/Logger
    - GoogleUtilities/Network
    - GoogleUtilities/Privacy
  - GoogleUtilities/Environment (7.13.3):
    - GoogleUtilities/Privacy
    - PromisesObjC (< 3.0, >= 1.2)
  - GoogleUtilities/Logger (7.13.3):
    - GoogleUtilities/Environment
    - GoogleUtilities/Privacy
  - GoogleUtilities/MethodSwizzler (7.13.3):
    - GoogleUtilities/Logger
    - GoogleUtilities/Privacy
  - GoogleUtilities/Network (7.13.3):
    - GoogleUtilities/Logger
    - "GoogleUtilities/NSData+zlib"
    - GoogleUtilities/Privacy
    - GoogleUtilities/Reachability
  - "GoogleUtilities/NSData+zlib (7.13.3)":
    - GoogleUtilities/Privacy
  - GoogleUtilities/Privacy (7.13.3)
  - GoogleUtilities/Reachability (7.13.3):
    - GoogleUtilities/Logger
    - GoogleUtilities/Privacy
  - GoogleUtilities/UserDefaults (7.13.3):
    - GoogleUtilities/Logger
    - GoogleUtilities/Privacy
  - Hero (1.6.3)
  - iAnalytics (1.9.2)
  - Identity (12.0.12):
    - Analytics
    - FlagKit
    - iAnalytics
    - iOSKit
    - IQDropDownTextField (~> 1.1.0)
    - IQKeyboardManager
    - Web
  - IGListDiffKit (5.0.0)
  - IGListKit (5.0.0):
    - IGListDiffKit (= 5.0.0)
  - iOSKit (10.0.6):
    - Alamofire
    - Aspects (= 1.4.1)
    - FBSDKCoreKit (~> 17.0.0)
    - IGListKit
    - KVNProgress (= 2.2.4)
    - Moya
    - PhoneNumberKit
    - PluggableAppDelegate
    - PureLayout
    - RealmSwift (= 3.19.0)
    - SDWebImage
    - SDWebImageSVGCoder
    - Sentry (= 3.13.1)
    - SwiftyBeaver (>= 1.7.0)
    - SwiftyJSON
    - Translations
  - IQDropDownTextField (1.1.1)
  - IQKeyboardManager (6.5.10)
  - KSCrash/Core (1.15.27):
    - KSCrash/Reporting/Filters/Basic
  - KSCrash/Recording (1.15.27):
    - KSCrash/Recording/Tools (= 1.15.27)
  - KSCrash/Recording/Tools (1.15.27)
  - KSCrash/Reporting/Filters/Base (1.15.27):
    - KSCrash/Recording
  - KSCrash/Reporting/Filters/Basic (1.15.27):
    - KSCrash/Recording
    - KSCrash/Reporting/Filters/Base
  - KVNProgress (2.2.4)
  - MMDrawerController (0.6.0):
    - MMDrawerController/Core (= 0.6.0)
    - MMDrawerController/MMDrawerBarButtonItem (= 0.6.0)
    - MMDrawerController/MMDrawerVisualStates (= 0.6.0)
    - MMDrawerController/Subclass (= 0.6.0)
  - MMDrawerController/Core (0.6.0)
  - MMDrawerController/MMDrawerBarButtonItem (0.6.0):
    - MMDrawerController/Core
  - MMDrawerController/MMDrawerVisualStates (0.6.0):
    - MMDrawerController/Core
  - MMDrawerController/Subclass (0.6.0):
    - MMDrawerController/Core
  - Moya (15.0.0):
    - Moya/Core (= 15.0.0)
  - Moya/Core (15.0.0):
    - Alamofire (~> 5.0)
  - nanopb (2.30908.0):
    - nanopb/decode (= 2.30908.0)
    - nanopb/encode (= 2.30908.0)
  - nanopb/decode (2.30908.0)
  - nanopb/encode (2.30908.0)
  - Navigation (5.0.0):
    - CarbonKit
    - iAnalytics
    - Identity
    - iOSKit
    - MMDrawerController
    - NotificationCenter
    - Web
    - WelcomePages
  - NotificationCenter (2.0.1):
    - Identity
    - iOSKit
  - Offers (4.0.9):
    - Hero
    - iAnalytics
    - Identity
    - IGListKit
    - iOSKit
    - KVNProgress (= 2.2.4)
    - Web
  - OpeningHours (4.0.1):
    - Analytics
    - DZNEmptyDataSet
    - iAnalytics
    - iOSKit
  - Parking (1.0.0):
    - Identity
    - iOSKit
  - PhoneNumberKit (3.7.11):
    - PhoneNumberKit/PhoneNumberKitCore (= 3.7.11)
    - PhoneNumberKit/UIKit (= 3.7.11)
  - PhoneNumberKit/PhoneNumberKitCore (3.7.11)
  - PhoneNumberKit/UIKit (3.7.11):
    - PhoneNumberKit/PhoneNumberKitCore
  - PluggableAppDelegate (1.3.0)
  - ProgressHUD (14.1.1)
  - PromisesObjC (2.4.0)
  - PureLayout (3.1.9)
  - Pushr (4.14.1):
    - Firebase (= 9.0.0)
    - Firebase/Core
    - Firebase/Messaging
    - FirebaseInstallations
    - iAnalytics
    - iOSKit
    - ReachabilitySwift (= 3.0.0)
  - ReachabilitySwift (3)
  - Realm (3.19.0):
    - Realm/Headers (= 3.19.0)
  - Realm/Headers (3.19.0)
  - RealmSwift (3.19.0):
    - Realm (= 3.19.0)
  - SDWebImage (5.19.4):
    - SDWebImage/Core (= 5.19.4)
  - SDWebImage/Core (5.19.4)
  - SDWebImageSVGCoder (1.7.0):
    - SDWebImage/Core (~> 5.6)
  - Sentry (3.13.1):
    - Sentry/Core (= 3.13.1)
    - Sentry/KSCrash (= 3.13.1)
  - Sentry/Core (3.13.1)
  - Sentry/KSCrash (3.13.1):
    - KSCrash/Core (~> 1.15.12)
  - Shops (6.0.2):
    - DZNEmptyDataSet
    - iAnalytics
    - iOSKit
  - SwiftyBeaver (1.9.5)
  - SwiftyJSON (5.0.2)
  - Translations (2.2.209)
  - vcs (5.0.3):
    - Analytics
    - iAnalytics
    - iOSKit
  - Web (5.4.2):
    - iAnalytics
    - iOSKit
    - ProgressHUD
  - WelcomePages (4.0.1):
    - CarbonKit
    - iAnalytics
    - iOSKit

DEPENDENCIES:
  - Analytics (from `components/analytics`)
  - Articles (from `components/articles`)
  - "CarbonKit (from `git@bitbucket.org:boost-development/ios_carbonkit.git`)"
  - Cars (from `components/cars`)
  - Games (from `components/games`)
  - iAnalytics (from `components/ianalytics`)
  - Identity (from `components/identity`)
  - iOSKit (from `components/ioskit`)
  - IQKeyboardManager (= 6.5.10)
  - "MMDrawerController (from `git@bitbucket.org:boost-development/mmdrawercontroller.git`)"
  - Navigation (from `components/navigation`)
  - NotificationCenter (from `components/notificationcenter`)
  - Offers (from `components/offers`)
  - OpeningHours (from `components/openinghours`)
  - Parking (from `components/parking`)
  - Pushr (from `components/pushr`)
  - Shops (from `components/shops`)
  - Translations (from `components/translations`)
  - vcs (from `components/vcs`)
  - Web (from `components/web`)
  - WelcomePages (from `components/welcomepages`)

SPEC REPOS:
  trunk:
    - Alamofire
    - Aspects
    - CHTCollectionViewWaterfallLayout
    - DZNEmptyDataSet
    - FBAEMKit
    - FBSDKCoreKit
    - FBSDKCoreKit_Basics
    - Firebase
    - FirebaseAnalytics
    - FirebaseCore
    - FirebaseCoreDiagnostics
    - FirebaseCoreInternal
    - FirebaseInstallations
    - FirebaseMessaging
    - FlagKit
    - GoogleAppMeasurement
    - GoogleDataTransport
    - GoogleUtilities
    - Hero
    - IGListDiffKit
    - IGListKit
    - IQDropDownTextField
    - IQKeyboardManager
    - KSCrash
    - KVNProgress
    - Moya
    - nanopb
    - PhoneNumberKit
    - PluggableAppDelegate
    - ProgressHUD
    - PromisesObjC
    - PureLayout
    - ReachabilitySwift
    - Realm
    - RealmSwift
    - SDWebImage
    - SDWebImageSVGCoder
    - Sentry
    - SwiftyBeaver
    - SwiftyJSON

EXTERNAL SOURCES:
  Analytics:
    :path: components/analytics
  Articles:
    :path: components/articles
  CarbonKit:
    :git: "git@bitbucket.org:boost-development/ios_carbonkit.git"
  Cars:
    :path: components/cars
  Games:
    :path: components/games
  iAnalytics:
    :path: components/ianalytics
  Identity:
    :path: components/identity
  iOSKit:
    :path: components/ioskit
  MMDrawerController:
    :git: "git@bitbucket.org:boost-development/mmdrawercontroller.git"
  Navigation:
    :path: components/navigation
  NotificationCenter:
    :path: components/notificationcenter
  Offers:
    :path: components/offers
  OpeningHours:
    :path: components/openinghours
  Parking:
    :path: components/parking
  Pushr:
    :path: components/pushr
  Shops:
    :path: components/shops
  Translations:
    :path: components/translations
  vcs:
    :path: components/vcs
  Web:
    :path: components/web
  WelcomePages:
    :path: components/welcomepages

CHECKOUT OPTIONS:
  CarbonKit:
    :commit: d514eec992da94c158d08ef29cbcc1f8317bb6bb
    :git: "git@bitbucket.org:boost-development/ios_carbonkit.git"
  MMDrawerController:
    :commit: fac37b6d632d8f7b9319b92cbd83a52d94a9b4cc
    :git: "git@bitbucket.org:boost-development/mmdrawercontroller.git"

SPEC CHECKSUMS:
  Alamofire: f36a35757af4587d8e4f4bfa223ad10be2422b8c
  Analytics: b299595760e53fce3046bcd7718bfe7ebb7260eb
  Articles: 101df35650f68099e46f6ba5f339ca6d9c5feb36
  Aspects: 7595ba96a6727a58ebcbfc954497fc5d2fdde546
  CarbonKit: 1aea2ba5adaf70008ded1b0dc7176f1437aa6eca
  Cars: bcc51a3b82e0604c75883e9f374159ce2badee4b
  CHTCollectionViewWaterfallLayout: b989a459788d7657ac010e03bc0f7eedca95a420
  DZNEmptyDataSet: 9525833b9e68ac21c30253e1d3d7076cc828eaa7
  FBAEMKit: 619f96ea65427e8afca240d5b0f4703738dfdf5c
  FBSDKCoreKit: a5f384db2e9ee84e98494fed8f983d2bd79accff
  FBSDKCoreKit_Basics: d35c775aaf243a2d731dfae7be3a74b1987285ab
  Firebase: a876fadc5ea653a377693376fd4f885c62704512
  FirebaseAnalytics: ea4f6f4b604a20b4de4d3c7f7a2cb51d9a989040
  FirebaseCore: e4c0b5d9727eaee0b43f9ed00baff7500c188d7b
  FirebaseCoreDiagnostics: 99a495094b10a57eeb3ae8efa1665700ad0bdaa6
  FirebaseCoreInternal: bca76517fe1ed381e989f5e7d8abb0da8d85bed3
  FirebaseInstallations: 0a115432c4e223c5ab20b0dbbe4cbefa793a0e8e
  FirebaseMessaging: 411a61cde991cbd00b5b11c7a25e0c8f28c44990
  FlagKit: eca7dc89064b0c986302ba9acefad1bf80a435b1
  Games: 8ea274a80c0c869f8279288d24e285aae33b195f
  GoogleAppMeasurement: 2c2792d43ebdea0524adbc90cba9139721f3039b
  GoogleDataTransport: 6c09b596d841063d76d4288cc2d2f42cc36e1e2a
  GoogleUtilities: ea963c370a38a8069cc5f7ba4ca849a60b6d7d15
  Hero: 419d43384355b3168512bd8ac6a33aadd3dc575b
  iAnalytics: 4a156fa517f9da89c837b9053d95edec8aa8f05c
  Identity: 226cc6a4c992c8f0af0daab3a642ba08554cccae
  IGListDiffKit: 02d937d7e714d6f558771f284ed80668d483b522
  IGListKit: baf7e87b4c2262cd569c380e46ca5667a4a82c82
  iOSKit: b540260fdfd29219f19751eb6127a50607738f32
  IQDropDownTextField: 3d2e5728a2b83ff5dbb14cb9b497a80005124cbe
  IQKeyboardManager: 45a1fa55c1a5b02c61ac0fd7fd5b62bb4ad20d97
  KSCrash: c97c661a989f4d1562e139b8a12bc77a8f08f76e
  KVNProgress: 541edcea5a1fef592aceac8d791a410d38cb499d
  MMDrawerController: e3a54a5570388463ad3b36975251575b50c4e1a0
  Moya: 138f0573e53411fb3dc17016add0b748dfbd78ee
  nanopb: a0ba3315591a9ae0a16a309ee504766e90db0c96
  Navigation: 660e3d9b50b2c6e02e3b29757a815b66b904d7f3
  NotificationCenter: 8310d0b5d68b0cfbae3f68f6c14d2e90556aabc7
  Offers: 6f7580e1b8b7e265c56202f15a926462ddd9e54c
  OpeningHours: 3f88b568e8faf698af19453c86f56ec92df0a896
  Parking: ab5b2f053f0f123496101f70176df5517f81397c
  PhoneNumberKit: ced55861269312a5e3bc2ef82a58d6255b1c976a
  PluggableAppDelegate: 94c85bf821d85661c843a86e1aafe0cc12a62634
  ProgressHUD: abb9136ae23c85204236828562cb9a8ec98efb44
  PromisesObjC: f5707f49cb48b9636751c5b2e7d227e43fba9f47
  PureLayout: 5fb5e5429519627d60d079ccb1eaa7265ce7cf88
  Pushr: 0ac4219fbc7ca3c061c476435fecd740059a2cf2
  ReachabilitySwift: f5b9bb30a0777fac8f09ce8b067e32faeb29bb64
  Realm: 995d585bcf699aaff226715886c849a29dd3d07f
  RealmSwift: 35f284a537989f2187b413e5917091948cb87a3f
  SDWebImage: 066c47b573f408f18caa467d71deace7c0f8280d
  SDWebImageSVGCoder: 15a300a97ec1c8ac958f009c02220ac0402e936c
  Sentry: c6c852d5a982dd42de8c35f7da4116af6081ebbd
  Shops: f7192c4488879d95b49835e42ed1db63b36df97f
  SwiftyBeaver: 84069991dd5dca07d7069100985badaca7f0ce82
  SwiftyJSON: f5b1bf1cd8dd53cd25887ac0eabcfd92301c6a5a
  Translations: 0e5a227cf00195020063d686f6e77036e3550c9a
  vcs: 7e367e80f681f16b95e0db8a2e1195251d90aa45
  Web: da193913bb1ea0cb1dbca50cc1bf7abe3ba32d77
  WelcomePages: 87713c028509a35abae7fdd0dbb2915fddcc0cc2

PODFILE CHECKSUM: caedc28cd76a963b1f3ea54a674558bcbdc2aff0

COCOAPODS: 1.15.2
